PODS:
  - accepton (0.1.0):
    - Alamofire (~> 3.0)
    - BUYPaymentButton
    - SnapKit
    - Stripe
  - Alamofire (3.1.1)
  - BUYPaymentButton (1.0.4)
  - Nimble (2.0.0)
  - Quick (0.7.0)
  - SnapKit (0.16.0)
  - Stripe (6.0.1):
    - Stripe/Core (= 6.0.1)
  - Stripe/Core (6.0.1)

DEPENDENCIES:
  - accepton (from `../`)
  - Nimble (~> 2.0.0)
  - Quick (~> 0.7.0)

EXTERNAL SOURCES:
  accepton:
    :path: "../"

SPEC CHECKSUMS:
  accepton: 0cdcd3ffb305de2cdbbca5268f31e43514d57e06
  Alamofire: 9b0a7188b961a03914a99304488bd226b0e46c0e
  BUYPaymentButton: 45fa7fa4efc8b7d2121b6ea3f22d92fa9b70ea3a
  Nimble: 472e75466819eb8c06299233e87c694a9b51328a
  Quick: 906d8aa995ee0afa96f1f7f01170f40fccfa5898
  SnapKit: ddac6b339d571f9d80dbb733585b172ee9eed3cb
  Stripe: 04f215191702c268b89fe0cdf28dc24a9688a71b

COCOAPODS: 0.39.0
