PODS:
  - accepton (0.1.0):
    - Alamofire (~> 3.0)
    - SnapKit
    - Stripe
  - Alamofire (3.1.0)
  - PayPal-iOS-SDK (2.12.4)
  - SnapKit (0.16.0)
  - Stripe (6.0.1):
    - Stripe/Core (= 6.0.1)
  - Stripe/Core (6.0.1)

DEPENDENCIES:
  - accepton (from `../`)
  - PayPal-iOS-SDK

EXTERNAL SOURCES:
  accepton:
    :path: "../"

SPEC CHECKSUMS:
  accepton: 4f532864f5a70d5861e250a9e74017cb5dd7ecff
  Alamofire: 415bd7f56197722978759078486689f7ef913dce
  PayPal-iOS-SDK: fdf3b2f900e0100b9e1df615663e7f6c41047789
  SnapKit: ddac6b339d571f9d80dbb733585b172ee9eed3cb
  Stripe: 04f215191702c268b89fe0cdf28dc24a9688a71b

COCOAPODS: 0.39.0
